
Microsoft Visual Studio Solution File, Format Version 12.00
# Visual Studio Version 17
VisualStudioVersion = 17.0.31912.275
MinimumVisualStudioVersion = 10.0.40219.1
Project("{FAE04EC0-301F-11D3-BF4B-00C04F79EFBC}") = "VogCodeChallenge.API", "VogCodeChallenge.API\VogCodeChallenge.API.csproj", "{3A0FD91B-CB27-4DF9-BE04-C584881236C0}"
EndProject
Project("{FAE04EC0-301F-11D3-BF4B-00C04F79EFBC}") = "VogCodeChallenge.Domain", "VogCodeChallenge.Domain\VogCodeChallenge.Domain.csproj", "{D5694690-287E-444D-B7AE-D33FF4705206}"
EndProject
Project("{FAE04EC0-301F-11D3-BF4B-00C04F79EFBC}") = "VogCodeChallenge.Tests", "VogCodeChallenge.Tests\VogCodeChallenge.Tests.csproj", "{6FA058A9-9BDA-4FE6-998D-0542DD08398E}"
EndProject
Project("{E53339B2-1760-4266-BCC7-CA923CBCF16C}") = "docker-compose", "docker-compose.dcproj", "{120B6323-6AD9-41A6-9A6B-10C9976DD391}"
EndProject
Global
	GlobalSection(SolutionConfigurationPlatforms) = preSolution
		Debug|Any CPU = Debug|Any CPU
		Release|Any CPU = Release|Any CPU
	EndGlobalSection
	GlobalSection(ProjectConfigurationPlatforms) = postSolution
		{3A0FD91B-CB27-4DF9-BE04-C584881236C0}.Debug|Any CPU.ActiveCfg = Debug|Any CPU
		{3A0FD91B-CB27-4DF9-BE04-C584881236C0}.Debug|Any CPU.Build.0 = Debug|Any CPU
		{3A0FD91B-CB27-4DF9-BE04-C584881236C0}.Release|Any CPU.ActiveCfg = Release|Any CPU
		{3A0FD91B-CB27-4DF9-BE04-C584881236C0}.Release|Any CPU.Build.0 = Release|Any CPU
		{D5694690-287E-444D-B7AE-D33FF4705206}.Debug|Any CPU.ActiveCfg = Debug|Any CPU
		{D5694690-287E-444D-B7AE-D33FF4705206}.Debug|Any CPU.Build.0 = Debug|Any CPU
		{D5694690-287E-444D-B7AE-D33FF4705206}.Release|Any CPU.ActiveCfg = Release|Any CPU
		{D5694690-287E-444D-B7AE-D33FF4705206}.Release|Any CPU.Build.0 = Release|Any CPU
		{6FA058A9-9BDA-4FE6-998D-0542DD08398E}.Debug|Any CPU.ActiveCfg = Debug|Any CPU
		{6FA058A9-9BDA-4FE6-998D-0542DD08398E}.Debug|Any CPU.Build.0 = Debug|Any CPU
		{6FA058A9-9BDA-4FE6-998D-0542DD08398E}.Release|Any CPU.ActiveCfg = Release|Any CPU
		{6FA058A9-9BDA-4FE6-998D-0542DD08398E}.Release|Any CPU.Build.0 = Release|Any CPU
		{120B6323-6AD9-41A6-9A6B-10C9976DD391}.Debug|Any CPU.ActiveCfg = Debug|Any CPU
		{120B6323-6AD9-41A6-9A6B-10C9976DD391}.Debug|Any CPU.Build.0 = Debug|Any CPU
		{120B6323-6AD9-41A6-9A6B-10C9976DD391}.Release|Any CPU.ActiveCfg = Release|Any CPU
		{120B6323-6AD9-41A6-9A6B-10C9976DD391}.Release|Any CPU.Build.0 = Release|Any CPU
	EndGlobalSection
	GlobalSection(SolutionProperties) = preSolution
		HideSolutionNode = FALSE
	EndGlobalSection
	GlobalSection(ExtensibilityGlobals) = postSolution
		SolutionGuid = {D536BF49-D0E5-4433-9B53-1D5DA9059C75}
	EndGlobalSection
EndGlobal
